
Microsoft Visual Studio Solution File, Format Version 12.00
# Visual Studio Version 17
VisualStudioVersion = 17.8.34330.188
MinimumVisualStudioVersion = 10.0.40219.1
Project("{FAE04EC0-301F-11D3-BF4B-00C04F79EFBC}") = "WebAPIIntro2", "WebAPIIntro2\WebAPIIntro2.csproj", "{ED5D550B-A37E-4660-B638-A7E184842F6C}"
EndProject
Global
	GlobalSection(SolutionConfigurationPlatforms) = preSolution
		Debug|Any CPU = Debug|Any CPU
		Release|Any CPU = Release|Any CPU
	EndGlobalSection
	GlobalSection(ProjectConfigurationPlatforms) = postSolution
		{ED5D550B-A37E-4660-B638-A7E184842F6C}.Debug|Any CPU.ActiveCfg = Debug|Any CPU
		{ED5D550B-A37E-4660-B638-A7E184842F6C}.Debug|Any CPU.Build.0 = Debug|Any CPU
		{ED5D550B-A37E-4660-B638-A7E184842F6C}.Release|Any CPU.ActiveCfg = Release|Any CPU
		{ED5D550B-A37E-4660-B638-A7E184842F6C}.Release|Any CPU.Build.0 = Release|Any CPU
	EndGlobalSection
	GlobalSection(SolutionProperties) = preSolution
		HideSolutionNode = FALSE
	EndGlobalSection
	GlobalSection(ExtensibilityGlobals) = postSolution
		SolutionGuid = {E35488A6-7C0E-43AC-ADE0-554314DA7CB0}
	EndGlobalSection
EndGlobal
